
Microsoft Visual Studio Solution File, Format Version 12.00
# Visual Studio 14
VisualStudioVersion = 14.0.25420.1
MinimumVisualStudioVersion = 10.0.40219.1
Project("{FAE04EC0-301F-11D3-BF4B-00C04F79EFBC}") = "UI", "UI\UI.csproj", "{290575D1-B104-4760-97B1-FB6548575AA4}"
EndProject
Project("{FAE04EC0-301F-11D3-BF4B-00C04F79EFBC}") = "BL", "BL\BL.csproj", "{32912A2D-6684-4A68-9C44-8E33F5331300}"
EndProject
Project("{FAE04EC0-301F-11D3-BF4B-00C04F79EFBC}") = "DL", "DL\DL.csproj", "{7D440537-C4B8-45A0-92FE-E910B1B4731A}"
EndProject
Project("{FAE04EC0-301F-11D3-BF4B-00C04F79EFBC}") = "Util", "Util\Util.csproj", "{CEC0C9F2-2235-4AC4-B6C5-707AC2A420D4}"
EndProject
Global
	GlobalSection(SolutionConfigurationPlatforms) = preSolution
		Debug|Any CPU = Debug|Any CPU
		Release|Any CPU = Release|Any CPU
	EndGlobalSection
	GlobalSection(ProjectConfigurationPlatforms) = postSolution
		{290575D1-B104-4760-97B1-FB6548575AA4}.Debug|Any CPU.ActiveCfg = Debug|Any CPU
		{290575D1-B104-4760-97B1-FB6548575AA4}.Debug|Any CPU.Build.0 = Debug|Any CPU
		{290575D1-B104-4760-97B1-FB6548575AA4}.Release|Any CPU.ActiveCfg = Release|Any CPU
		{290575D1-B104-4760-97B1-FB6548575AA4}.Release|Any CPU.Build.0 = Release|Any CPU
		{32912A2D-6684-4A68-9C44-8E33F5331300}.Debug|Any CPU.ActiveCfg = Debug|Any CPU
		{32912A2D-6684-4A68-9C44-8E33F5331300}.Debug|Any CPU.Build.0 = Debug|Any CPU
		{32912A2D-6684-4A68-9C44-8E33F5331300}.Release|Any CPU.ActiveCfg = Release|Any CPU
		{32912A2D-6684-4A68-9C44-8E33F5331300}.Release|Any CPU.Build.0 = Release|Any CPU
		{7D440537-C4B8-45A0-92FE-E910B1B4731A}.Debug|Any CPU.ActiveCfg = Debug|Any CPU
		{7D440537-C4B8-45A0-92FE-E910B1B4731A}.Debug|Any CPU.Build.0 = Debug|Any CPU
		{7D440537-C4B8-45A0-92FE-E910B1B4731A}.Release|Any CPU.ActiveCfg = Release|Any CPU
		{7D440537-C4B8-45A0-92FE-E910B1B4731A}.Release|Any CPU.Build.0 = Release|Any CPU
		{CEC0C9F2-2235-4AC4-B6C5-707AC2A420D4}.Debug|Any CPU.ActiveCfg = Debug|Any CPU
		{CEC0C9F2-2235-4AC4-B6C5-707AC2A420D4}.Debug|Any CPU.Build.0 = Debug|Any CPU
		{CEC0C9F2-2235-4AC4-B6C5-707AC2A420D4}.Release|Any CPU.ActiveCfg = Release|Any CPU
		{CEC0C9F2-2235-4AC4-B6C5-707AC2A420D4}.Release|Any CPU.Build.0 = Release|Any CPU
	EndGlobalSection
	GlobalSection(SolutionProperties) = preSolution
		HideSolutionNode = FALSE
	EndGlobalSection
EndGlobal
